// !$*UTF8*$!
{
	archiveVersion = 1;
	classes = {
	};
	objectVersion = 77;
	objects = {

/* Begin PBXBuildFile section */
		02C83E45B6D5056BBF636800 /* Design.swift in Sources */ = {isa = PBXBuildFile; fileRef = 698B9233FE864D957F617D9F /* Design.swift */; };
		033CD7F1ED4DF46BB257E0A6 /* ArticleHeaderView.swift in Sources */ = {isa = PBXBuildFile; fileRef = 006C89FFBD1DA7B319FBA9E9 /* ArticleHeaderView.swift */; };
		09F42BA3BE9EB9CC73350BC5 /* api-response.json in Resources */ = {isa = PBXBuildFile; fileRef = 17F2F8B5E7C13A9877D618D9 /* api-response.json */; };
		137BA46CBEDE5A228946857B /* ArticleProvider.swift in Sources */ = {isa = PBXBuildFile; fileRef = 5121CAB6BE0BF30F5D6566FC /* ArticleProvider.swift */; };
		1A66C5E93D37A8096A9076C3 /* ResourceTests.swift in Sources */ = {isa = PBXBuildFile; fileRef = 3CD070B575F116EFEC4D0004 /* ResourceTests.swift */; };
		1EDD97F121802A923B3C395F /* ArticleCache.swift in Sources */ = {isa = PBXBuildFile; fileRef = 01E109A5E19BF5416ABE3D98 /* ArticleCache.swift */; };
		30FDE23B0075128535ED9A94 /* Assets.xcassets in Resources */ = {isa = PBXBuildFile; fileRef = 3BA72696FCB803A621CDC88D /* Assets.xcassets */; };
		3319E0766ECFD84B97EA68EE /* LaunchScreen.storyboard in Resources */ = {isa = PBXBuildFile; fileRef = DAAFC2DB6E25099DCB2D2744 /* LaunchScreen.storyboard */; };
		33A15802A85859BB2F6F35D0 /* ArticleProviding.swift in Sources */ = {isa = PBXBuildFile; fileRef = 876A68DC74BEEB8A41A2EE59 /* ArticleProviding.swift */; };
		3467021ABB5EDEB0E6294A84 /* ArticleDetailViewController.swift in Sources */ = {isa = PBXBuildFile; fileRef = B3572B0A829983E8BA999A4E /* ArticleDetailViewController.swift */; };
		37104461B626C641335055CB /* PrivacyInfo.xcprivacy in Resources */ = {isa = PBXBuildFile; fileRef = C4CA9ACEB808AD3700C81548 /* PrivacyInfo.xcprivacy */; };
		38B183678DBAE2319DDF4E63 /* Pods_Articles.framework in Frameworks */ = {isa = PBXBuildFile; fileRef = A5ADC7EDD1D60C2891A7E836 /* Pods_Articles.framework */; };
		41812C7FE5140B5C868BCEBE /* StatePresenter.swift in Sources */ = {isa = PBXBuildFile; fileRef = 6BC14C0BCE48AA8552F0DEBA /* StatePresenter.swift */; };
		58E248414241F000D0520FD9 /* ArticleNavigationController.swift in Sources */ = {isa = PBXBuildFile; fileRef = 432A207AB720B2D539B34116 /* ArticleNavigationController.swift */; };
		5D19CF64DA527AB2BDD3AAD5 /* ArticleListViewController.swift in Sources */ = {isa = PBXBuildFile; fileRef = 7A4C67041D86A11B17A1DD4B /* ArticleListViewController.swift */; };
		688148E18403CEAFDA093A45 /* ArticleHeaderView.xib in Resources */ = {isa = PBXBuildFile; fileRef = FEA3844604F74A07EA8C7532 /* ArticleHeaderView.xib */; };
		6D0A766D0F64050ACF55B0D8 /* ArticleCell.xib in Resources */ = {isa = PBXBuildFile; fileRef = 9456349E600318B6B30B1CBD /* ArticleCell.xib */; };
		6EC66A67E3EBEB9F6E0DE9D8 /* Article.swift in Sources */ = {isa = PBXBuildFile; fileRef = D9D1A4040A72B784AD850AC9 /* Article.swift */; };
		700D768ACD116AA8C9327629 /* ArticleManagerTests.swift in Sources */ = {isa = PBXBuildFile; fileRef = 82915DDA4B0CCACBFD7E50C2 /* ArticleManagerTests.swift */; };
		7339B692907E7301109864BE /* ArticleImageView.swift in Sources */ = {isa = PBXBuildFile; fileRef = 161495461309316BA2F2CCC8 /* ArticleImageView.swift */; };
		74E9AE80E0D6D99CC888B73F /* Main.storyboard in Resources */ = {isa = PBXBuildFile; fileRef = AEC7DF4681F0C58A780667F7 /* Main.storyboard */; };
		83A5E20647F89DB9B747F159 /* ConnectivityMonitor.swift in Sources */ = {isa = PBXBuildFile; fileRef = D1EA3C38B4F6FABC35FDD996 /* ConnectivityMonitor.swift */; };
		96A554098C13153931909D1D /* ArticleError.swift in Sources */ = {isa = PBXBuildFile; fileRef = 85531AFA36549BB55D33B0D9 /* ArticleError.swift */; };
		9A19CB32751A6EF474271836 /* ArticleTransition.swift in Sources */ = {isa = PBXBuildFile; fileRef = A41AE8461D1BB595BC4380B5 /* ArticleTransition.swift */; };
		9F7FADA3E9BB03A52CBE6E1E /* ArticleManager.swift in Sources */ = {isa = PBXBuildFile; fileRef = F7814F81E045767BEF0167D3 /* ArticleManager.swift */; };
		A42AADF40EB5FFFF7FCCA2AD /* ArticleResponseDecoder.swift in Sources */ = {isa = PBXBuildFile; fileRef = 03CEF53C9479F70F234805C3 /* ArticleResponseDecoder.swift */; };
		AFB287DAFC817828F59B6484 /* ArticleProviderTests.swift in Sources */ = {isa = PBXBuildFile; fileRef = 1EDD5A43F853832734EAC5E1 /* ArticleProviderTests.swift */; };
		B16213A81E932974F6D93447 /* ArticleCacheTests.swift in Sources */ = {isa = PBXBuildFile; fileRef = 5E968CD2671F61FF0511F46A /* ArticleCacheTests.swift */; };
		B5E4D491B2A07D74953FF42A /* UITestScenario.swift in Sources */ = {isa = PBXBuildFile; fileRef = 2ADD1264DF815E1BDC98376D /* UITestScenario.swift */; };
		B69E7C6315CF8E6AF29FDCF4 /* ArticleRouter.swift in Sources */ = {isa = PBXBuildFile; fileRef = 494F902BFA0828C97149D568 /* ArticleRouter.swift */; };
		C3B1DA38EA15F98AFD1A6008 /* ArticleUITests.swift in Sources */ = {isa = PBXBuildFile; fileRef = 7C7353F801B4068D57639FEF /* ArticleUITests.swift */; };
		CAA5487B0464AD28E9DC94DE /* SceneDelegate.swift in Sources */ = {isa = PBXBuildFile; fileRef = A5E95C33E2AB2F8484A6A4F5 /* SceneDelegate.swift */; };
		CEDF57D251C594C33817E6FA /* Pods_ArticlesTests.framework in Frameworks */ = {isa = PBXBuildFile; fileRef = 3122C7A46C2E7E6B437BA0A9 /* Pods_ArticlesTests.framework */; };
		DE5C9E008E5633E7B9026D45 /* AppDelegate.swift in Sources */ = {isa = PBXBuildFile; fileRef = 481E1FB6A4EC9CC599E3C903 /* AppDelegate.swift */; };
		F179BC4FFA16DFF7CA0CF328 /* ArticleSnapshot.swift in Sources */ = {isa = PBXBuildFile; fileRef = DDF9589E699C8F5D0CE512CE /* ArticleSnapshot.swift */; };
		F688C78BC213648E38F37F01 /* BookmarkManager.swift in Sources */ = {isa = PBXBuildFile; fileRef = C18105D08836D54F2CCB1A93 /* BookmarkManager.swift */; };
		F88C6F8A972402F80FBF40A1 /* ArticleCell.swift in Sources */ = {isa = PBXBuildFile; fileRef = CEB8FC4DC51D2C47E989F2CF /* ArticleCell.swift */; };
		FFA77CAE0D700AF08FDCDAE8 /* ArticleDecoderTests.swift in Sources */ = {isa = PBXBuildFile; fileRef = 274250F56132A34EFED35B51 /* ArticleDecoderTests.swift */; };
		FFA7874A38939DDF0E388F15 /* ArticleStateView.swift in Sources */ = {isa = PBXBuildFile; fileRef = A3C547636BDE9969336821CD /* ArticleStateView.swift */; };
/* End PBXBuildFile section */

/* Begin PBXContainerItemProxy section */
		6EF090CBB273A21BE1F2C870 /* PBXContainerItemProxy */ = {
			isa = PBXContainerItemProxy;
			containerPortal = 35A63358703FDEFFD85DB703 /* Project object */;
			proxyType = 1;
			remoteGlobalIDString = 7C6A89D8081073C696CB19C0;
			remoteInfo = Articles;
		};
		B936E86AA275A07DAB9DFF11 /* PBXContainerItemProxy */ = {
			isa = PBXContainerItemProxy;
			containerPortal = 35A63358703FDEFFD85DB703 /* Project object */;
			proxyType = 1;
			remoteGlobalIDString = 7C6A89D8081073C696CB19C0;
			remoteInfo = Articles;
		};
/* End PBXContainerItemProxy section */

/* Begin PBXFileReference section */
		006C89FFBD1DA7B319FBA9E9 /* ArticleHeaderView.swift */ = {isa = PBXFileReference; lastKnownFileType = sourcecode.swift; path = ArticleHeaderView.swift; sourceTree = "<group>"; };
		01E109A5E19BF5416ABE3D98 /* ArticleCache.swift */ = {isa = PBXFileReference; lastKnownFileType = sourcecode.swift; path = ArticleCache.swift; sourceTree = "<group>"; };
		03CEF53C9479F70F234805C3 /* ArticleResponseDecoder.swift */ = {isa = PBXFileReference; lastKnownFileType = sourcecode.swift; path = ArticleResponseDecoder.swift; sourceTree = "<group>"; };
		161495461309316BA2F2CCC8 /* ArticleImageView.swift */ = {isa = PBXFileReference; lastKnownFileType = sourcecode.swift; path = ArticleImageView.swift; sourceTree = "<group>"; };
		17F2F8B5E7C13A9877D618D9 /* api-response.json */ = {isa = PBXFileReference; lastKnownFileType = text.json; path = "api-response.json"; sourceTree = "<group>"; };
		1EDD5A43F853832734EAC5E1 /* ArticleProviderTests.swift */ = {isa = PBXFileReference; lastKnownFileType = sourcecode.swift; path = ArticleProviderTests.swift; sourceTree = "<group>"; };
		274250F56132A34EFED35B51 /* ArticleDecoderTests.swift */ = {isa = PBXFileReference; lastKnownFileType = sourcecode.swift; path = ArticleDecoderTests.swift; sourceTree = "<group>"; };
		278B0859451FE266476507D3 /* Pods-ArticlesTests.debug.xcconfig */ = {isa = PBXFileReference; includeInIndex = 1; lastKnownFileType = text.xcconfig; name = "Pods-ArticlesTests.debug.xcconfig"; path = "Target Support Files/Pods-ArticlesTests/Pods-ArticlesTests.debug.xcconfig"; sourceTree = "<group>"; };
		2ADD1264DF815E1BDC98376D /* UITestScenario.swift */ = {isa = PBXFileReference; lastKnownFileType = sourcecode.swift; path = UITestScenario.swift; sourceTree = "<group>"; };
		3122C7A46C2E7E6B437BA0A9 /* Pods_ArticlesTests.framework */ = {isa = PBXFileReference; explicitFileType = wrapper.framework; includeInIndex = 0; path = Pods_ArticlesTests.framework; sourceTree = BUILT_PRODUCTS_DIR; };
		36D89C1480E51BDE93E59A87 /* ArticlesUITests.xctest */ = {isa = PBXFileReference; includeInIndex = 0; lastKnownFileType = wrapper.cfbundle; path = ArticlesUITests.xctest; sourceTree = BUILT_PRODUCTS_DIR; };
		3BA72696FCB803A621CDC88D /* Assets.xcassets */ = {isa = PBXFileReference; lastKnownFileType = folder.assetcatalog; path = Assets.xcassets; sourceTree = "<group>"; };
		3CD070B575F116EFEC4D0004 /* ResourceTests.swift */ = {isa = PBXFileReference; lastKnownFileType = sourcecode.swift; path = ResourceTests.swift; sourceTree = "<group>"; };
		4011C341D7DDF83439173CE8 /* ArticlesTests.xctest */ = {isa = PBXFileReference; includeInIndex = 0; lastKnownFileType = wrapper.cfbundle; path = ArticlesTests.xctest; sourceTree = BUILT_PRODUCTS_DIR; };
		432A207AB720B2D539B34116 /* ArticleNavigationController.swift */ = {isa = PBXFileReference; lastKnownFileType = sourcecode.swift; path = ArticleNavigationController.swift; sourceTree = "<group>"; };
		481E1FB6A4EC9CC599E3C903 /* AppDelegate.swift */ = {isa = PBXFileReference; lastKnownFileType = sourcecode.swift; path = AppDelegate.swift; sourceTree = "<group>"; };
		494F902BFA0828C97149D568 /* ArticleRouter.swift */ = {isa = PBXFileReference; lastKnownFileType = sourcecode.swift; path = ArticleRouter.swift; sourceTree = "<group>"; };
		5121CAB6BE0BF30F5D6566FC /* ArticleProvider.swift */ = {isa = PBXFileReference; lastKnownFileType = sourcecode.swift; path = ArticleProvider.swift; sourceTree = "<group>"; };
		54BD010AB5E1F3EA774B2C75 /* Pods-Articles.release.xcconfig */ = {isa = PBXFileReference; includeInIndex = 1; lastKnownFileType = text.xcconfig; name = "Pods-Articles.release.xcconfig"; path = "Target Support Files/Pods-Articles/Pods-Articles.release.xcconfig"; sourceTree = "<group>"; };
		5E968CD2671F61FF0511F46A /* ArticleCacheTests.swift */ = {isa = PBXFileReference; lastKnownFileType = sourcecode.swift; path = ArticleCacheTests.swift; sourceTree = "<group>"; };
		698B9233FE864D957F617D9F /* Design.swift */ = {isa = PBXFileReference; lastKnownFileType = sourcecode.swift; path = Design.swift; sourceTree = "<group>"; };
		6BC14C0BCE48AA8552F0DEBA /* StatePresenter.swift */ = {isa = PBXFileReference; lastKnownFileType = sourcecode.swift; path = StatePresenter.swift; sourceTree = "<group>"; };
		7A4C67041D86A11B17A1DD4B /* ArticleListViewController.swift */ = {isa = PBXFileReference; lastKnownFileType = sourcecode.swift; path = ArticleListViewController.swift; sourceTree = "<group>"; };
		7C7353F801B4068D57639FEF /* ArticleUITests.swift */ = {isa = PBXFileReference; lastKnownFileType = sourcecode.swift; path = ArticleUITests.swift; sourceTree = "<group>"; };
		82915DDA4B0CCACBFD7E50C2 /* ArticleManagerTests.swift */ = {isa = PBXFileReference; lastKnownFileType = sourcecode.swift; path = ArticleManagerTests.swift; sourceTree = "<group>"; };
		85531AFA36549BB55D33B0D9 /* ArticleError.swift */ = {isa = PBXFileReference; lastKnownFileType = sourcecode.swift; path = ArticleError.swift; sourceTree = "<group>"; };
		876A68DC74BEEB8A41A2EE59 /* ArticleProviding.swift */ = {isa = PBXFileReference; lastKnownFileType = sourcecode.swift; path = ArticleProviding.swift; sourceTree = "<group>"; };
		9456349E600318B6B30B1CBD /* ArticleCell.xib */ = {isa = PBXFileReference; lastKnownFileType = file.xib; path = ArticleCell.xib; sourceTree = "<group>"; };
		A3C547636BDE9969336821CD /* ArticleStateView.swift */ = {isa = PBXFileReference; lastKnownFileType = sourcecode.swift; path = ArticleStateView.swift; sourceTree = "<group>"; };
		A41AE8461D1BB595BC4380B5 /* ArticleTransition.swift */ = {isa = PBXFileReference; lastKnownFileType = sourcecode.swift; path = ArticleTransition.swift; sourceTree = "<group>"; };
		A5ADC7EDD1D60C2891A7E836 /* Pods_Articles.framework */ = {isa = PBXFileReference; explicitFileType = wrapper.framework; includeInIndex = 0; path = Pods_Articles.framework; sourceTree = BUILT_PRODUCTS_DIR; };
		A5E95C33E2AB2F8484A6A4F5 /* SceneDelegate.swift */ = {isa = PBXFileReference; lastKnownFileType = sourcecode.swift; path = SceneDelegate.swift; sourceTree = "<group>"; };
		AEC7DF4681F0C58A780667F7 /* Main.storyboard */ = {isa = PBXFileReference; lastKnownFileType = file.storyboard; path = Main.storyboard; sourceTree = "<group>"; };
		B3572B0A829983E8BA999A4E /* ArticleDetailViewController.swift */ = {isa = PBXFileReference; lastKnownFileType = sourcecode.swift; path = ArticleDetailViewController.swift; sourceTree = "<group>"; };
		C18105D08836D54F2CCB1A93 /* BookmarkManager.swift */ = {isa = PBXFileReference; lastKnownFileType = sourcecode.swift; path = BookmarkManager.swift; sourceTree = "<group>"; };
		C4CA9ACEB808AD3700C81548 /* PrivacyInfo.xcprivacy */ = {isa = PBXFileReference; path = PrivacyInfo.xcprivacy; sourceTree = "<group>"; };
		CEB8FC4DC51D2C47E989F2CF /* ArticleCell.swift */ = {isa = PBXFileReference; lastKnownFileType = sourcecode.swift; path = ArticleCell.swift; sourceTree = "<group>"; };
		D1EA3C38B4F6FABC35FDD996 /* ConnectivityMonitor.swift */ = {isa = PBXFileReference; lastKnownFileType = sourcecode.swift; path = ConnectivityMonitor.swift; sourceTree = "<group>"; };
		D9D1A4040A72B784AD850AC9 /* Article.swift */ = {isa = PBXFileReference; lastKnownFileType = sourcecode.swift; path = Article.swift; sourceTree = "<group>"; };
		DAAFC2DB6E25099DCB2D2744 /* LaunchScreen.storyboard */ = {isa = PBXFileReference; lastKnownFileType = file.storyboard; path = LaunchScreen.storyboard; sourceTree = "<group>"; };
		DDF9589E699C8F5D0CE512CE /* ArticleSnapshot.swift */ = {isa = PBXFileReference; lastKnownFileType = sourcecode.swift; path = ArticleSnapshot.swift; sourceTree = "<group>"; };
		DEA73AA7430BA17ED3422D26 /* Pods-Articles.debug.xcconfig */ = {isa = PBXFileReference; includeInIndex = 1; lastKnownFileType = text.xcconfig; name = "Pods-Articles.debug.xcconfig"; path = "Target Support Files/Pods-Articles/Pods-Articles.debug.xcconfig"; sourceTree = "<group>"; };
		EA84454729B685D67DAC1D04 /* Pods-ArticlesTests.release.xcconfig */ = {isa = PBXFileReference; includeInIndex = 1; lastKnownFileType = text.xcconfig; name = "Pods-ArticlesTests.release.xcconfig"; path = "Target Support Files/Pods-ArticlesTests/Pods-ArticlesTests.release.xcconfig"; sourceTree = "<group>"; };
		F752512C3DD76F22DEDDB75C /* Articles.app */ = {isa = PBXFileReference; includeInIndex = 0; lastKnownFileType = wrapper.application; path = Articles.app; sourceTree = BUILT_PRODUCTS_DIR; };
		F7814F81E045767BEF0167D3 /* ArticleManager.swift */ = {isa = PBXFileReference; lastKnownFileType = sourcecode.swift; path = ArticleManager.swift; sourceTree = "<group>"; };
		FEA3844604F74A07EA8C7532 /* ArticleHeaderView.xib */ = {isa = PBXFileReference; lastKnownFileType = file.xib; path = ArticleHeaderView.xib; sourceTree = "<group>"; };
/* End PBXFileReference section */

/* Begin PBXFrameworksBuildPhase section */
		A1624D8C8CBA03D43D3CEBB2 /* Frameworks */ = {
			isa = PBXFrameworksBuildPhase;
			buildActionMask = 2147483647;
			files = (
				CEDF57D251C594C33817E6FA /* Pods_ArticlesTests.framework in Frameworks */,
			);
			runOnlyForDeploymentPostprocessing = 0;
		};
		DBF7E9A69F08685C0F607DB6 /* Frameworks */ = {
			isa = PBXFrameworksBuildPhase;
			buildActionMask = 2147483647;
			files = (
				38B183678DBAE2319DDF4E63 /* Pods_Articles.framework in Frameworks */,
			);
			runOnlyForDeploymentPostprocessing = 0;
		};
/* End PBXFrameworksBuildPhase section */

/* Begin PBXGroup section */
		01564723CDB986DE361491B6 /* Pods */ = {
			isa = PBXGroup;
			children = (
				DEA73AA7430BA17ED3422D26 /* Pods-Articles.debug.xcconfig */,
				54BD010AB5E1F3EA774B2C75 /* Pods-Articles.release.xcconfig */,
				278B0859451FE266476507D3 /* Pods-ArticlesTests.debug.xcconfig */,
				EA84454729B685D67DAC1D04 /* Pods-ArticlesTests.release.xcconfig */,
			);
			name = Pods;
			path = Pods;
			sourceTree = "<group>";
		};
		0A95D6909373E9E07E8F80AA /* Core */ = {
			isa = PBXGroup;
			children = (
				5121CAB6BE0BF30F5D6566FC /* ArticleProvider.swift */,
			);
			path = Core;
			sourceTree = "<group>";
		};
		1A853FB1BFBD588F6F5DC308 /* SwiftUI */ = {
			isa = PBXGroup;
			children = (
				A3C547636BDE9969336821CD /* ArticleStateView.swift */,
			);
			path = SwiftUI;
			sourceTree = "<group>";
		};
		1F7C978348863433CE7CFFB7 = {
			isa = PBXGroup;
			children = (
				C3AAB68FDB646BCF8F0FFCE9 /* Project */,
				ACB074B67B491B937F7811ED /* Tests */,
				6303F1E9A3A0A4DEC9E71E87 /* UITests */,
				CB234BA831F5CD98A4677866 /* Products */,
				01564723CDB986DE361491B6 /* Pods */,
				2AF7B026DD3FA0EC3F4250AA /* Frameworks */,
			);
			sourceTree = "<group>";
		};
		24B728BA9582BD2D5DC3FDF8 /* Fixtures */ = {
			isa = PBXGroup;
			children = (
				17F2F8B5E7C13A9877D618D9 /* api-response.json */,
			);
			path = Fixtures;
			sourceTree = "<group>";
		};
		2AF7B026DD3FA0EC3F4250AA /* Frameworks */ = {
			isa = PBXGroup;
			children = (
				A5ADC7EDD1D60C2891A7E836 /* Pods_Articles.framework */,
				3122C7A46C2E7E6B437BA0A9 /* Pods_ArticlesTests.framework */,
			);
			name = Frameworks;
			sourceTree = "<group>";
		};
		42D6C758F5A424068561CF02 /* Managers */ = {
			isa = PBXGroup;
			children = (
				E40E3EB2BA77584A7AB1F985 /* Client */,
				D6E022C709D355EE6890D6A3 /* Core */,
			);
			path = Managers;
			sourceTree = "<group>";
		};
		5ED7B740B6FB23F9FCEEBFAC /* Storyboards */ = {
			isa = PBXGroup;
			children = (
				AEC7DF4681F0C58A780667F7 /* Main.storyboard */,
			);
			path = Storyboards;
			sourceTree = "<group>";
		};
		6303F1E9A3A0A4DEC9E71E87 /* UITests */ = {
			isa = PBXGroup;
			children = (
				7C7353F801B4068D57639FEF /* ArticleUITests.swift */,
			);
			path = UITests;
			sourceTree = "<group>";
		};
		7607B3E66243B1F771C17454 /* Provider */ = {
			isa = PBXGroup;
			children = (
				AFCC3634D54038FCC8B8CD12 /* Client */,
				0A95D6909373E9E07E8F80AA /* Core */,
			);
			path = Provider;
			sourceTree = "<group>";
		};
		7A48E0BF3DC2B1C1EA71C5B8 /* Cells */ = {
			isa = PBXGroup;
			children = (
				CEB8FC4DC51D2C47E989F2CF /* ArticleCell.swift */,
			);
			path = Cells;
			sourceTree = "<group>";
		};
		93E38D3AF7E2EBD47D4B0A18 /* XIBs */ = {
			isa = PBXGroup;
			children = (
				9456349E600318B6B30B1CBD /* ArticleCell.xib */,
				006C89FFBD1DA7B319FBA9E9 /* ArticleHeaderView.swift */,
				FEA3844604F74A07EA8C7532 /* ArticleHeaderView.xib */,
				161495461309316BA2F2CCC8 /* ArticleImageView.swift */,
			);
			path = XIBs;
			sourceTree = "<group>";
		};
		9F62E0C85E68190D08315A73 /* ViewControllers */ = {
			isa = PBXGroup;
			children = (
				7A48E0BF3DC2B1C1EA71C5B8 /* Cells */,
				C5B6976A8190D66B1236C2E0 /* Client */,
				B60FAA5CF7F5D2A91CB46234 /* Core */,
			);
			path = ViewControllers;
			sourceTree = "<group>";
		};
		ACB074B67B491B937F7811ED /* Tests */ = {
			isa = PBXGroup;
			children = (
				5E968CD2671F61FF0511F46A /* ArticleCacheTests.swift */,
				274250F56132A34EFED35B51 /* ArticleDecoderTests.swift */,
				82915DDA4B0CCACBFD7E50C2 /* ArticleManagerTests.swift */,
				1EDD5A43F853832734EAC5E1 /* ArticleProviderTests.swift */,
				3CD070B575F116EFEC4D0004 /* ResourceTests.swift */,
				24B728BA9582BD2D5DC3FDF8 /* Fixtures */,
			);
			path = Tests;
			sourceTree = "<group>";
		};
		AFCC3634D54038FCC8B8CD12 /* Client */ = {
			isa = PBXGroup;
			children = (
				85531AFA36549BB55D33B0D9 /* ArticleError.swift */,
				03CEF53C9479F70F234805C3 /* ArticleResponseDecoder.swift */,
				D1EA3C38B4F6FABC35FDD996 /* ConnectivityMonitor.swift */,
				2ADD1264DF815E1BDC98376D /* UITestScenario.swift */,
			);
			path = Client;
			sourceTree = "<group>";
		};
		B60FAA5CF7F5D2A91CB46234 /* Core */ = {
			isa = PBXGroup;
			children = (
				B3572B0A829983E8BA999A4E /* ArticleDetailViewController.swift */,
				7A4C67041D86A11B17A1DD4B /* ArticleListViewController.swift */,
			);
			path = Core;
			sourceTree = "<group>";
		};
		BB8BC61365B807AF11C16D3F /* ProviderProtocols */ = {
			isa = PBXGroup;
			children = (
				876A68DC74BEEB8A41A2EE59 /* ArticleProviding.swift */,
			);
			path = ProviderProtocols;
			sourceTree = "<group>";
		};
		C3AAB68FDB646BCF8F0FFCE9 /* Project */ = {
			isa = PBXGroup;
			children = (
				481E1FB6A4EC9CC599E3C903 /* AppDelegate.swift */,
				3BA72696FCB803A621CDC88D /* Assets.xcassets */,
				DAAFC2DB6E25099DCB2D2744 /* LaunchScreen.storyboard */,
				C4CA9ACEB808AD3700C81548 /* PrivacyInfo.xcprivacy */,
				A5E95C33E2AB2F8484A6A4F5 /* SceneDelegate.swift */,
				42D6C758F5A424068561CF02 /* Managers */,
				D07D95500EC2CDAF810B8485 /* Models */,
				7607B3E66243B1F771C17454 /* Provider */,
				9F62E0C85E68190D08315A73 /* ViewControllers */,
				C694A306CCC5DD76DFCA0F78 /* Views */,
			);
			path = Project;
			sourceTree = "<group>";
		};
		C5B6976A8190D66B1236C2E0 /* Client */ = {
			isa = PBXGroup;
			children = (
				432A207AB720B2D539B34116 /* ArticleNavigationController.swift */,
				494F902BFA0828C97149D568 /* ArticleRouter.swift */,
				A41AE8461D1BB595BC4380B5 /* ArticleTransition.swift */,
				6BC14C0BCE48AA8552F0DEBA /* StatePresenter.swift */,
			);
			path = Client;
			sourceTree = "<group>";
		};
		C694A306CCC5DD76DFCA0F78 /* Views */ = {
			isa = PBXGroup;
			children = (
				5ED7B740B6FB23F9FCEEBFAC /* Storyboards */,
				1A853FB1BFBD588F6F5DC308 /* SwiftUI */,
				93E38D3AF7E2EBD47D4B0A18 /* XIBs */,
			);
			path = Views;
			sourceTree = "<group>";
		};
		CB234BA831F5CD98A4677866 /* Products */ = {
			isa = PBXGroup;
			children = (
				F752512C3DD76F22DEDDB75C /* Articles.app */,
				4011C341D7DDF83439173CE8 /* ArticlesTests.xctest */,
				36D89C1480E51BDE93E59A87 /* ArticlesUITests.xctest */,
			);
			name = Products;
			sourceTree = "<group>";
		};
		CD63ADEAFED96DB4FAF39077 /* Entities */ = {
			isa = PBXGroup;
			children = (
				D9D1A4040A72B784AD850AC9 /* Article.swift */,
				DDF9589E699C8F5D0CE512CE /* ArticleSnapshot.swift */,
			);
			path = Entities;
			sourceTree = "<group>";
		};
		D07D95500EC2CDAF810B8485 /* Models */ = {
			isa = PBXGroup;
			children = (
				CD63ADEAFED96DB4FAF39077 /* Entities */,
				BB8BC61365B807AF11C16D3F /* ProviderProtocols */,
			);
			path = Models;
			sourceTree = "<group>";
		};
		D6E022C709D355EE6890D6A3 /* Core */ = {
			isa = PBXGroup;
			children = (
				F7814F81E045767BEF0167D3 /* ArticleManager.swift */,
				C18105D08836D54F2CCB1A93 /* BookmarkManager.swift */,
			);
			path = Core;
			sourceTree = "<group>";
		};
		E40E3EB2BA77584A7AB1F985 /* Client */ = {
			isa = PBXGroup;
			children = (
				01E109A5E19BF5416ABE3D98 /* ArticleCache.swift */,
				698B9233FE864D957F617D9F /* Design.swift */,
			);
			path = Client;
			sourceTree = "<group>";
		};
/* End PBXGroup section */

/* Begin PBXNativeTarget section */
		0A686E507D47C282406E526F /* ArticlesTests */ = {
			isa = PBXNativeTarget;
			buildConfigurationList = 5719DFC5573481277CFE5A5E /* Build configuration list for PBXNativeTarget "ArticlesTests" */;
			buildPhases = (
				CC56526E2805F0A345721555 /* [CP] Check Pods Manifest.lock */,
				C1E54F06B6C61D0F81E34EE8 /* Sources */,
				CC6687BDC02AB37F03C47F19 /* Resources */,
				A1624D8C8CBA03D43D3CEBB2 /* Frameworks */,
			);
			buildRules = (
			);
			dependencies = (
				6848638EB460DB8DA642815E /* PBXTargetDependency */,
			);
			name = ArticlesTests;
			productName = ArticlesTests;
			productReference = 4011C341D7DDF83439173CE8 /* ArticlesTests.xctest */;
			productType = "com.apple.product-type.bundle.unit-test";
		};
		3A6C7698DEAA9547E8332DFF /* ArticlesUITests */ = {
			isa = PBXNativeTarget;
			buildConfigurationList = 3805E54BB1DC1FD2FDD32B43 /* Build configuration list for PBXNativeTarget "ArticlesUITests" */;
			buildPhases = (
				083B329918428B257F5D083D /* Sources */,
			);
			buildRules = (
			);
			dependencies = (
				6DC4E6EE68EEFD26B1628C37 /* PBXTargetDependency */,
			);
			name = ArticlesUITests;
			productName = ArticlesUITests;
			productReference = 36D89C1480E51BDE93E59A87 /* ArticlesUITests.xctest */;
			productType = "com.apple.product-type.bundle.ui-testing";
		};
		7C6A89D8081073C696CB19C0 /* Articles */ = {
			isa = PBXNativeTarget;
			buildConfigurationList = 62B2289179DD54B1A4947AE3 /* Build configuration list for PBXNativeTarget "Articles" */;
			buildPhases = (
				6701D05E08D82114427408AE /* [CP] Check Pods Manifest.lock */,
				883EF451201AE78C09963162 /* Sources */,
				4D8E8292A99532E7E4AAB887 /* Resources */,
				DBF7E9A69F08685C0F607DB6 /* Frameworks */,
				5CF45B326EB89FA11254CE78 /* [CP] Embed Pods Frameworks */,
			);
			buildRules = (
			);
			dependencies = (
			);
			name = Articles;
			productName = Articles;
			productReference = F752512C3DD76F22DEDDB75C /* Articles.app */;
			productType = "com.apple.product-type.application";
		};
/* End PBXNativeTarget section */

/* Begin PBXProject section */
		35A63358703FDEFFD85DB703 /* Project object */ = {
			isa = PBXProject;
			attributes = {
				BuildIndependentTargetsInParallel = YES;
				LastUpgradeCheck = 2600;
				TargetAttributes = {
					0A686E507D47C282406E526F = {
						DevelopmentTeam = "";
						ProvisioningStyle = Automatic;
					};
					3A6C7698DEAA9547E8332DFF = {
						DevelopmentTeam = "";
						ProvisioningStyle = Automatic;
						TestTargetID = 7C6A89D8081073C696CB19C0;
					};
					7C6A89D8081073C696CB19C0 = {
						DevelopmentTeam = "";
						ProvisioningStyle = Automatic;
					};
				};
			};
			buildConfigurationList = 61F2C276E4DDD8284BFFBE5F /* Build configuration list for PBXProject "Articles" */;
			developmentRegion = en;
			hasScannedForEncodings = 0;
			knownRegions = (
				Base,
				en,
			);
			mainGroup = 1F7C978348863433CE7CFFB7;
			minimizedProjectReferenceProxies = 1;
			preferredProjectObjectVersion = 77;
			productRefGroup = CB234BA831F5CD98A4677866 /* Products */;
			projectDirPath = "";
			projectRoot = "";
			targets = (
				7C6A89D8081073C696CB19C0 /* Articles */,
				0A686E507D47C282406E526F /* ArticlesTests */,
				3A6C7698DEAA9547E8332DFF /* ArticlesUITests */,
			);
		};
/* End PBXProject section */

/* Begin PBXResourcesBuildPhase section */
		4D8E8292A99532E7E4AAB887 /* Resources */ = {
			isa = PBXResourcesBuildPhase;
			buildActionMask = 2147483647;
			files = (
				6D0A766D0F64050ACF55B0D8 /* ArticleCell.xib in Resources */,
				688148E18403CEAFDA093A45 /* ArticleHeaderView.xib in Resources */,
				30FDE23B0075128535ED9A94 /* Assets.xcassets in Resources */,
				3319E0766ECFD84B97EA68EE /* LaunchScreen.storyboard in Resources */,
				74E9AE80E0D6D99CC888B73F /* Main.storyboard in Resources */,
				37104461B626C641335055CB /* PrivacyInfo.xcprivacy in Resources */,
			);
			runOnlyForDeploymentPostprocessing = 0;
		};
		CC6687BDC02AB37F03C47F19 /* Resources */ = {
			isa = PBXResourcesBuildPhase;
			buildActionMask = 2147483647;
			files = (
				09F42BA3BE9EB9CC73350BC5 /* api-response.json in Resources */,
			);
			runOnlyForDeploymentPostprocessing = 0;
		};
/* End PBXResourcesBuildPhase section */

/* Begin PBXShellScriptBuildPhase section */
		5CF45B326EB89FA11254CE78 /* [CP] Embed Pods Frameworks */ = {
			isa = PBXShellScriptBuildPhase;
			buildActionMask = 2147483647;
			files = (
			);
			inputFileListPaths = (
				"${PODS_ROOT}/Target Support Files/Pods-Articles/Pods-Articles-frameworks-${CONFIGURATION}-input-files.xcfilelist",
			);
			name = "[CP] Embed Pods Frameworks";
			outputFileListPaths = (
				"${PODS_ROOT}/Target Support Files/Pods-Articles/Pods-Articles-frameworks-${CONFIGURATION}-output-files.xcfilelist",
			);
			runOnlyForDeploymentPostprocessing = 0;
			shellPath = /bin/sh;
			shellScript = "\"${PODS_ROOT}/Target Support Files/Pods-Articles/Pods-Articles-frameworks.sh\"\n";
			showEnvVarsInLog = 0;
		};
		6701D05E08D82114427408AE /* [CP] Check Pods Manifest.lock */ = {
			isa = PBXShellScriptBuildPhase;
			buildActionMask = 2147483647;
			files = (
			);
			inputFileListPaths = (
			);
			inputPaths = (
				"${PODS_PODFILE_DIR_PATH}/Podfile.lock",
				"${PODS_ROOT}/Manifest.lock",
			);
			name = "[CP] Check Pods Manifest.lock";
			outputFileListPaths = (
			);
			outputPaths = (
				"$(DERIVED_FILE_DIR)/Pods-Articles-checkManifestLockResult.txt",
			);
			runOnlyForDeploymentPostprocessing = 0;
			shellPath = /bin/sh;
			shellScript = "diff \"${PODS_PODFILE_DIR_PATH}/Podfile.lock\" \"${PODS_ROOT}/Manifest.lock\" > /dev/null\nif [ $? != 0 ] ; then\n    # print error to STDERR\n    echo \"error: The sandbox is not in sync with the Podfile.lock. Run 'pod install' or update your CocoaPods installation.\" >&2\n    exit 1\nfi\n# This output is used by Xcode 'outputs' to avoid re-running this script phase.\necho \"SUCCESS\" > \"${SCRIPT_OUTPUT_FILE_0}\"\n";
			showEnvVarsInLog = 0;
		};
		CC56526E2805F0A345721555 /* [CP] Check Pods Manifest.lock */ = {
			isa = PBXShellScriptBuildPhase;
			buildActionMask = 2147483647;
			files = (
			);
			inputFileListPaths = (
			);
			inputPaths = (
				"${PODS_PODFILE_DIR_PATH}/Podfile.lock",
				"${PODS_ROOT}/Manifest.lock",
			);
			name = "[CP] Check Pods Manifest.lock";
			outputFileListPaths = (
			);
			outputPaths = (
				"$(DERIVED_FILE_DIR)/Pods-ArticlesTests-checkManifestLockResult.txt",
			);
			runOnlyForDeploymentPostprocessing = 0;
			shellPath = /bin/sh;
			shellScript = "diff \"${PODS_PODFILE_DIR_PATH}/Podfile.lock\" \"${PODS_ROOT}/Manifest.lock\" > /dev/null\nif [ $? != 0 ] ; then\n    # print error to STDERR\n    echo \"error: The sandbox is not in sync with the Podfile.lock. Run 'pod install' or update your CocoaPods installation.\" >&2\n    exit 1\nfi\n# This output is used by Xcode 'outputs' to avoid re-running this script phase.\necho \"SUCCESS\" > \"${SCRIPT_OUTPUT_FILE_0}\"\n";
			showEnvVarsInLog = 0;
		};
/* End PBXShellScriptBuildPhase section */

/* Begin PBXSourcesBuildPhase section */
		083B329918428B257F5D083D /* Sources */ = {
			isa = PBXSourcesBuildPhase;
			buildActionMask = 2147483647;
			files = (
				C3B1DA38EA15F98AFD1A6008 /* ArticleUITests.swift in Sources */,
			);
			runOnlyForDeploymentPostprocessing = 0;
		};
		883EF451201AE78C09963162 /* Sources */ = {
			isa = PBXSourcesBuildPhase;
			buildActionMask = 2147483647;
			files = (
				DE5C9E008E5633E7B9026D45 /* AppDelegate.swift in Sources */,
				6EC66A67E3EBEB9F6E0DE9D8 /* Article.swift in Sources */,
				1EDD97F121802A923B3C395F /* ArticleCache.swift in Sources */,
				F88C6F8A972402F80FBF40A1 /* ArticleCell.swift in Sources */,
				3467021ABB5EDEB0E6294A84 /* ArticleDetailViewController.swift in Sources */,
				96A554098C13153931909D1D /* ArticleError.swift in Sources */,
				033CD7F1ED4DF46BB257E0A6 /* ArticleHeaderView.swift in Sources */,
				7339B692907E7301109864BE /* ArticleImageView.swift in Sources */,
				5D19CF64DA527AB2BDD3AAD5 /* ArticleListViewController.swift in Sources */,
				9F7FADA3E9BB03A52CBE6E1E /* ArticleManager.swift in Sources */,
				58E248414241F000D0520FD9 /* ArticleNavigationController.swift in Sources */,
				137BA46CBEDE5A228946857B /* ArticleProvider.swift in Sources */,
				33A15802A85859BB2F6F35D0 /* ArticleProviding.swift in Sources */,
				A42AADF40EB5FFFF7FCCA2AD /* ArticleResponseDecoder.swift in Sources */,
				B69E7C6315CF8E6AF29FDCF4 /* ArticleRouter.swift in Sources */,
				F179BC4FFA16DFF7CA0CF328 /* ArticleSnapshot.swift in Sources */,
				FFA7874A38939DDF0E388F15 /* ArticleStateView.swift in Sources */,
				9A19CB32751A6EF474271836 /* ArticleTransition.swift in Sources */,
				F688C78BC213648E38F37F01 /* BookmarkManager.swift in Sources */,
				83A5E20647F89DB9B747F159 /* ConnectivityMonitor.swift in Sources */,
				02C83E45B6D5056BBF636800 /* Design.swift in Sources */,
				CAA5487B0464AD28E9DC94DE /* SceneDelegate.swift in Sources */,
				41812C7FE5140B5C868BCEBE /* StatePresenter.swift in Sources */,
				B5E4D491B2A07D74953FF42A /* UITestScenario.swift in Sources */,
			);
			runOnlyForDeploymentPostprocessing = 0;
		};
		C1E54F06B6C61D0F81E34EE8 /* Sources */ = {
			isa = PBXSourcesBuildPhase;
			buildActionMask = 2147483647;
			files = (
				B16213A81E932974F6D93447 /* ArticleCacheTests.swift in Sources */,
				FFA77CAE0D700AF08FDCDAE8 /* ArticleDecoderTests.swift in Sources */,
				700D768ACD116AA8C9327629 /* ArticleManagerTests.swift in Sources */,
				AFB287DAFC817828F59B6484 /* ArticleProviderTests.swift in Sources */,
				1A66C5E93D37A8096A9076C3 /* ResourceTests.swift in Sources */,
			);
			runOnlyForDeploymentPostprocessing = 0;
		};
/* End PBXSourcesBuildPhase section */

/* Begin PBXTargetDependency section */
		6848638EB460DB8DA642815E /* PBXTargetDependency */ = {
			isa = PBXTargetDependency;
			target = 7C6A89D8081073C696CB19C0 /* Articles */;
			targetProxy = 6EF090CBB273A21BE1F2C870 /* PBXContainerItemProxy */;
		};
		6DC4E6EE68EEFD26B1628C37 /* PBXTargetDependency */ = {
			isa = PBXTargetDependency;
			target = 7C6A89D8081073C696CB19C0 /* Articles */;
			targetProxy = B936E86AA275A07DAB9DFF11 /* PBXContainerItemProxy */;
		};
/* End PBXTargetDependency section */

/* Begin XCBuildConfiguration section */
		2A7F8AFF44F1673EB0EE35F4 /* Debug */ = {
			isa = XCBuildConfiguration;
			buildSettings = {
				ALWAYS_SEARCH_USER_PATHS = NO;
				CLANG_ANALYZER_NONNULL = YES;
				CLANG_ANALYZER_NUMBER_OBJECT_CONVERSION = YES_AGGRESSIVE;
				CLANG_CXX_LANGUAGE_STANDARD = "gnu++14";
				CLANG_CXX_LIBRARY = "libc++";
				CLANG_ENABLE_MODULES = YES;
				CLANG_ENABLE_OBJC_ARC = YES;
				CLANG_ENABLE_OBJC_WEAK = YES;
				CLANG_WARN_BLOCK_CAPTURE_AUTORELEASING = YES;
				CLANG_WARN_BOOL_CONVERSION = YES;
				CLANG_WARN_COMMA = YES;
				CLANG_WARN_CONSTANT_CONVERSION = YES;
				CLANG_WARN_DEPRECATED_OBJC_IMPLEMENTATIONS = YES;
				CLANG_WARN_DIRECT_OBJC_ISA_USAGE = YES_ERROR;
				CLANG_WARN_DOCUMENTATION_COMMENTS = YES;
				CLANG_WARN_EMPTY_BODY = YES;
				CLANG_WARN_ENUM_CONVERSION = YES;
				CLANG_WARN_INFINITE_RECURSION = YES;
				CLANG_WARN_INT_CONVERSION = YES;
				CLANG_WARN_NON_LITERAL_NULL_CONVERSION = YES;
				CLANG_WARN_OBJC_IMPLICIT_RETAIN_SELF = YES;
				CLANG_WARN_OBJC_LITERAL_CONVERSION = YES;
				CLANG_WARN_OBJC_ROOT_CLASS = YES_ERROR;
				CLANG_WARN_QUOTED_INCLUDE_IN_FRAMEWORK_HEADER = YES;
				CLANG_WARN_RANGE_LOOP_ANALYSIS = YES;
				CLANG_WARN_STRICT_PROTOTYPES = YES;
				CLANG_WARN_SUSPICIOUS_MOVE = YES;
				CLANG_WARN_UNGUARDED_AVAILABILITY = YES_AGGRESSIVE;
				CLANG_WARN_UNREACHABLE_CODE = YES;
				CLANG_WARN__DUPLICATE_METHOD_MATCH = YES;
				CODE_SIGN_STYLE = Automatic;
				COPY_PHASE_STRIP = NO;
				DEBUG_INFORMATION_FORMAT = dwarf;
				DEVELOPMENT_TEAM = "";
				ENABLE_STRICT_OBJC_MSGSEND = YES;
				ENABLE_TESTABILITY = YES;
				ENABLE_USER_SCRIPT_SANDBOXING = NO;
				GCC_C_LANGUAGE_STANDARD = gnu11;
				GCC_DYNAMIC_NO_PIC = NO;
				GCC_NO_COMMON_BLOCKS = YES;
				GCC_OPTIMIZATION_LEVEL = 0;
				GCC_PREPROCESSOR_DEFINITIONS = (
					"$(inherited)",
					"DEBUG=1",
				);
				GCC_WARN_64_TO_32_BIT_CONVERSION = YES;
				GCC_WARN_ABOUT_RETURN_TYPE = YES_ERROR;
				GCC_WARN_UNDECLARED_SELECTOR = YES;
				GCC_WARN_UNINITIALIZED_AUTOS = YES_AGGRESSIVE;
				GCC_WARN_UNUSED_FUNCTION = YES;
				GCC_WARN_UNUSED_VARIABLE = YES;
				IPHONEOS_DEPLOYMENT_TARGET = 18.0;
				MTL_ENABLE_DEBUG_INFO = INCLUDE_SOURCE;
				MTL_FAST_MATH = YES;
				ONLY_ACTIVE_ARCH = YES;
				PRODUCT_NAME = "$(TARGET_NAME)";
				SDKROOT = iphoneos;
				SWIFT_ACTIVE_COMPILATION_CONDITIONS = DEBUG;
				SWIFT_EMIT_LOC_STRINGS = YES;
				SWIFT_OPTIMIZATION_LEVEL = "-Onone";
				SWIFT_VERSION = 5.0;
				TARGETED_DEVICE_FAMILY = "1,2";
			};
			name = Debug;
		};
		347A2D569BCA6F4AA632CB6B /* Debug */ = {
			isa = XCBuildConfiguration;
			baseConfigurationReference = DEA73AA7430BA17ED3422D26 /* Pods-Articles.debug.xcconfig */;
			buildSettings = {
				ASSETCATALOG_COMPILER_APPICON_NAME = AppIcon;
				CODE_SIGN_IDENTITY = "iPhone Developer";
				INFOPLIST_FILE = Project/Info.plist;
				LD_RUNPATH_SEARCH_PATHS = (
					"$(inherited)",
					"@executable_path/Frameworks",
				);
				PRODUCT_BUNDLE_IDENTIFIER = com.rajvi.articles;
				SDKROOT = iphoneos;
				TARGETED_DEVICE_FAMILY = "1,2";
			};
			name = Debug;
		};
		9576C084CE756A61C0BF01CF /* Release */ = {
			isa = XCBuildConfiguration;
			baseConfigurationReference = EA84454729B685D67DAC1D04 /* Pods-ArticlesTests.release.xcconfig */;
			buildSettings = {
				BUNDLE_LOADER = "$(TEST_HOST)";
				GENERATE_INFOPLIST_FILE = YES;
				LD_RUNPATH_SEARCH_PATHS = (
					"$(inherited)",
					"@executable_path/Frameworks",
					"@loader_path/Frameworks",
				);
				PRODUCT_BUNDLE_IDENTIFIER = com.rajvi.articles.tests;
				SDKROOT = iphoneos;
				TARGETED_DEVICE_FAMILY = "1,2";
				TEST_HOST = "$(BUILT_PRODUCTS_DIR)/Articles.app/Articles";
			};
			name = Release;
		};
		A6D618A219C9ECC0DB4615DA /* Release */ = {
			isa = XCBuildConfiguration;
			buildSettings = {
				BUNDLE_LOADER = "$(TEST_HOST)";
				GENERATE_INFOPLIST_FILE = YES;
				LD_RUNPATH_SEARCH_PATHS = (
					"$(inherited)",
					"@executable_path/Frameworks",
					"@loader_path/Frameworks",
				);
				PRODUCT_BUNDLE_IDENTIFIER = com.rajvi.articles.uitests;
				SDKROOT = iphoneos;
				TARGETED_DEVICE_FAMILY = "1,2";
				TEST_TARGET_NAME = Articles;
			};
			name = Release;
		};
		BA88A3D685EFA8A59C9E1604 /* Debug */ = {
			isa = XCBuildConfiguration;
			buildSettings = {
				BUNDLE_LOADER = "$(TEST_HOST)";
				GENERATE_INFOPLIST_FILE = YES;
				LD_RUNPATH_SEARCH_PATHS = (
					"$(inherited)",
					"@executable_path/Frameworks",
					"@loader_path/Frameworks",
				);
				PRODUCT_BUNDLE_IDENTIFIER = com.rajvi.articles.uitests;
				SDKROOT = iphoneos;
				TARGETED_DEVICE_FAMILY = "1,2";
				TEST_TARGET_NAME = Articles;
			};
			name = Debug;
		};
		BC568CC9F6D66B262F5BD582 /* Release */ = {
			isa = XCBuildConfiguration;
			baseConfigurationReference = 54BD010AB5E1F3EA774B2C75 /* Pods-Articles.release.xcconfig */;
			buildSettings = {
				ASSETCATALOG_COMPILER_APPICON_NAME = AppIcon;
				CODE_SIGN_IDENTITY = "iPhone Developer";
				INFOPLIST_FILE = Project/Info.plist;
				LD_RUNPATH_SEARCH_PATHS = (
					"$(inherited)",
					"@executable_path/Frameworks",
				);
				PRODUCT_BUNDLE_IDENTIFIER = com.rajvi.articles;
				SDKROOT = iphoneos;
				TARGETED_DEVICE_FAMILY = "1,2";
			};
			name = Release;
		};
		D8901F41ACB009D6E9B0EE96 /* Debug */ = {
			isa = XCBuildConfiguration;
			baseConfigurationReference = 278B0859451FE266476507D3 /* Pods-ArticlesTests.debug.xcconfig */;
			buildSettings = {
				BUNDLE_LOADER = "$(TEST_HOST)";
				GENERATE_INFOPLIST_FILE = YES;
				LD_RUNPATH_SEARCH_PATHS = (
					"$(inherited)",
					"@executable_path/Frameworks",
					"@loader_path/Frameworks",
				);
				PRODUCT_BUNDLE_IDENTIFIER = com.rajvi.articles.tests;
				SDKROOT = iphoneos;
				TARGETED_DEVICE_FAMILY = "1,2";
				TEST_HOST = "$(BUILT_PRODUCTS_DIR)/Articles.app/Articles";
			};
			name = Debug;
		};
		DBCF5298D0532959EF556A04 /* Release */ = {
			isa = XCBuildConfiguration;
			buildSettings = {
				ALWAYS_SEARCH_USER_PATHS = NO;
				CLANG_ANALYZER_NONNULL = YES;
				CLANG_ANALYZER_NUMBER_OBJECT_CONVERSION = YES_AGGRESSIVE;
				CLANG_CXX_LANGUAGE_STANDARD = "gnu++14";
				CLANG_CXX_LIBRARY = "libc++";
				CLANG_ENABLE_MODULES = YES;
				CLANG_ENABLE_OBJC_ARC = YES;
				CLANG_ENABLE_OBJC_WEAK = YES;
				CLANG_WARN_BLOCK_CAPTURE_AUTORELEASING = YES;
				CLANG_WARN_BOOL_CONVERSION = YES;
				CLANG_WARN_COMMA = YES;
				CLANG_WARN_CONSTANT_CONVERSION = YES;
				CLANG_WARN_DEPRECATED_OBJC_IMPLEMENTATIONS = YES;
				CLANG_WARN_DIRECT_OBJC_ISA_USAGE = YES_ERROR;
				CLANG_WARN_DOCUMENTATION_COMMENTS = YES;
				CLANG_WARN_EMPTY_BODY = YES;
				CLANG_WARN_ENUM_CONVERSION = YES;
				CLANG_WARN_INFINITE_RECURSION = YES;
				CLANG_WARN_INT_CONVERSION = YES;
				CLANG_WARN_NON_LITERAL_NULL_CONVERSION = YES;
				CLANG_WARN_OBJC_IMPLICIT_RETAIN_SELF = YES;
				CLANG_WARN_OBJC_LITERAL_CONVERSION = YES;
				CLANG_WARN_OBJC_ROOT_CLASS = YES_ERROR;
				CLANG_WARN_QUOTED_INCLUDE_IN_FRAMEWORK_HEADER = YES;
				CLANG_WARN_RANGE_LOOP_ANALYSIS = YES;
				CLANG_WARN_STRICT_PROTOTYPES = YES;
				CLANG_WARN_SUSPICIOUS_MOVE = YES;
				CLANG_WARN_UNGUARDED_AVAILABILITY = YES_AGGRESSIVE;
				CLANG_WARN_UNREACHABLE_CODE = YES;
				CLANG_WARN__DUPLICATE_METHOD_MATCH = YES;
				CODE_SIGN_STYLE = Automatic;
				COPY_PHASE_STRIP = NO;
				DEBUG_INFORMATION_FORMAT = "dwarf-with-dsym";
				DEVELOPMENT_TEAM = "";
				ENABLE_NS_ASSERTIONS = NO;
				ENABLE_STRICT_OBJC_MSGSEND = YES;
				ENABLE_USER_SCRIPT_SANDBOXING = NO;
				GCC_C_LANGUAGE_STANDARD = gnu11;
				GCC_NO_COMMON_BLOCKS = YES;
				GCC_WARN_64_TO_32_BIT_CONVERSION = YES;
				GCC_WARN_ABOUT_RETURN_TYPE = YES_ERROR;
				GCC_WARN_UNDECLARED_SELECTOR = YES;
				GCC_WARN_UNINITIALIZED_AUTOS = YES_AGGRESSIVE;
				GCC_WARN_UNUSED_FUNCTION = YES;
				GCC_WARN_UNUSED_VARIABLE = YES;
				IPHONEOS_DEPLOYMENT_TARGET = 18.0;
				MTL_ENABLE_DEBUG_INFO = NO;
				MTL_FAST_MATH = YES;
				PRODUCT_NAME = "$(TARGET_NAME)";
				SDKROOT = iphoneos;
				SWIFT_COMPILATION_MODE = wholemodule;
				SWIFT_EMIT_LOC_STRINGS = YES;
				SWIFT_OPTIMIZATION_LEVEL = "-O";
				SWIFT_VERSION = 5.0;
				TARGETED_DEVICE_FAMILY = "1,2";
			};
			name = Release;
		};
/* End XCBuildConfiguration section */

/* Begin XCConfigurationList section */
		3805E54BB1DC1FD2FDD32B43 /* Build configuration list for PBXNativeTarget "ArticlesUITests" */ = {
			isa = XCConfigurationList;
			buildConfigurations = (
				BA88A3D685EFA8A59C9E1604 /* Debug */,
				A6D618A219C9ECC0DB4615DA /* Release */,
			);
			defaultConfigurationIsVisible = 0;
			defaultConfigurationName = Debug;
		};
		5719DFC5573481277CFE5A5E /* Build configuration list for PBXNativeTarget "ArticlesTests" */ = {
			isa = XCConfigurationList;
			buildConfigurations = (
				D8901F41ACB009D6E9B0EE96 /* Debug */,
				9576C084CE756A61C0BF01CF /* Release */,
			);
			defaultConfigurationIsVisible = 0;
			defaultConfigurationName = Debug;
		};
		61F2C276E4DDD8284BFFBE5F /* Build configuration list for PBXProject "Articles" */ = {
			isa = XCConfigurationList;
			buildConfigurations = (
				2A7F8AFF44F1673EB0EE35F4 /* Debug */,
				DBCF5298D0532959EF556A04 /* Release */,
			);
			defaultConfigurationIsVisible = 0;
			defaultConfigurationName = Debug;
		};
		62B2289179DD54B1A4947AE3 /* Build configuration list for PBXNativeTarget "Articles" */ = {
			isa = XCConfigurationList;
			buildConfigurations = (
				347A2D569BCA6F4AA632CB6B /* Debug */,
				BC568CC9F6D66B262F5BD582 /* Release */,
			);
			defaultConfigurationIsVisible = 0;
			defaultConfigurationName = Debug;
		};
/* End XCConfigurationList section */
	};
	rootObject = 35A63358703FDEFFD85DB703 /* Project object */;
}
